
COCOAPODS: 0.16.0

SPEC CHECKSUMS: 
  AFIncrementalStore: bbb4f113ef0442aef8901c5b3df9ae646a598970
  TransformerKit: c07d1de4a661db2ca420092445750ab4ad67331a
  AFNetworking: 616da0028916ce296f5c3cef74e5552eb4e10e13
  InflectorKit: 9dccab02f95541093995adac639342c9eb9e6c12

DEPENDENCIES: 
- AFIncrementalStore
- AFNetworking

PODS: 
- AFIncrementalStore (0.4.1): 
  - AFNetworking (>= 0.9.0)
  - InflectorKit
  - TransformerKit
- AFNetworking (1.2.1)
- InflectorKit (0.0.1)
- TransformerKit (0.2.2)
